
Microsoft Visual Studio Solution File, Format Version 12.00
# Visual Studio 14
VisualStudioVersion = 14.0.25420.1
MinimumVisualStudioVersion = 10.0.40219.1
Project("{FAE04EC0-301F-11D3-BF4B-00C04F79EFBC}") = "DoubleLinkedListUnitTests", "DoubleLinkedListUnitTests\DoubleLinkedListUnitTests.csproj", "{6291089C-C0C5-46B3-ACF0-9579755D77E7}"
EndProject
Project("{FAE04EC0-301F-11D3-BF4B-00C04F79EFBC}") = "DoubleLinkedList", "DoubleLinkedList\DoubleLinkedList.csproj", "{1FCE6CE5-0D17-4D48-B41C-9A8F7CDDB1FF}"
EndProject
Global
	GlobalSection(SolutionConfigurationPlatforms) = preSolution
		Debug|Any CPU = Debug|Any CPU
		Release|Any CPU = Release|Any CPU
	EndGlobalSection
	GlobalSection(ProjectConfigurationPlatforms) = postSolution
		{6291089C-C0C5-46B3-ACF0-9579755D77E7}.Debug|Any CPU.ActiveCfg = Debug|Any CPU
		{6291089C-C0C5-46B3-ACF0-9579755D77E7}.Debug|Any CPU.Build.0 = Debug|Any CPU
		{6291089C-C0C5-46B3-ACF0-9579755D77E7}.Release|Any CPU.ActiveCfg = Release|Any CPU
		{6291089C-C0C5-46B3-ACF0-9579755D77E7}.Release|Any CPU.Build.0 = Release|Any CPU
		{1FCE6CE5-0D17-4D48-B41C-9A8F7CDDB1FF}.Debug|Any CPU.ActiveCfg = Debug|Any CPU
		{1FCE6CE5-0D17-4D48-B41C-9A8F7CDDB1FF}.Debug|Any CPU.Build.0 = Debug|Any CPU
		{1FCE6CE5-0D17-4D48-B41C-9A8F7CDDB1FF}.Release|Any CPU.ActiveCfg = Release|Any CPU
		{1FCE6CE5-0D17-4D48-B41C-9A8F7CDDB1FF}.Release|Any CPU.Build.0 = Release|Any CPU
	EndGlobalSection
	GlobalSection(SolutionProperties) = preSolution
		HideSolutionNode = FALSE
	EndGlobalSection
EndGlobal
